
Microsoft Visual Studio Solution File, Format Version 12.00
# Visual Studio Version 17
VisualStudioVersion = 17.11.35312.102
MinimumVisualStudioVersion = 10.0.40219.1
Project("{FAE04EC0-301F-11D3-BF4B-00C04F79EFBC}") = "P04b", "P04b\P04b.csproj", "{E4EE0296-B9DC-4140-A78E-E801747D224F}"
EndProject
Global
	GlobalSection(SolutionConfigurationPlatforms) = preSolution
		Debug|Any CPU = Debug|Any CPU
		Release|Any CPU = Release|Any CPU
	EndGlobalSection
	GlobalSection(ProjectConfigurationPlatforms) = postSolution
		{E4EE0296-B9DC-4140-A78E-E801747D224F}.Debug|Any CPU.ActiveCfg = Debug|Any CPU
		{E4EE0296-B9DC-4140-A78E-E801747D224F}.Debug|Any CPU.Build.0 = Debug|Any CPU
		{E4EE0296-B9DC-4140-A78E-E801747D224F}.Release|Any CPU.ActiveCfg = Release|Any CPU
		{E4EE0296-B9DC-4140-A78E-E801747D224F}.Release|Any CPU.Build.0 = Release|Any CPU
	EndGlobalSection
	GlobalSection(SolutionProperties) = preSolution
		HideSolutionNode = FALSE
	EndGlobalSection
	GlobalSection(ExtensibilityGlobals) = postSolution
		SolutionGuid = {315F7D4F-5497-444C-B978-1B143DECC411}
	EndGlobalSection
EndGlobal
